PackratFormat: 1.4
PackratVersion: 0.4.7.1
RVersion: 3.2.4
Repos: BioCsoft=https://bioconductor.org/packages/3.2/bioc,
    BioCann=https://bioconductor.org/packages/3.2/data/annotation,
    BioCexp=https://bioconductor.org/packages/3.2/data/experiment,
    BioCextra=https://bioconductor.org/packages/3.2/extra,
    CRAN=https://cran.rstudio.com/

Package: BH
Source: CRAN
Version: 1.60.0-1
Hash: 889445e87a2acd4cc58440957f3b0d1a

Package: DBI
Source: CRAN
Version: 0.3.1
Hash: 096699d1ac1cf530acfc646a0c90ee5d

Package: FactoMineR
Source: CRAN
Version: 1.32
Hash: 510e609c8010aba7bc2b2ccc5eaf444f
Requires: car, data.table, dplyr, ellipse, flashClust, knitr, leaps,
    scatterplot3d

Package: KMsurv
Source: CRAN
Version: 0.1-5
Hash: 7f4400e5d72c2fc9adc154f7635c59d0

Package: MatrixModels
Source: CRAN
Version: 0.4-1
Hash: 60a5c75e57aae4a0ce76cb7422939aaf

Package: NMF
Source: CRAN
Version: 0.20.6
Hash: 632aad207ab2e551b33990c9f09ab8af
Requires: RColorBrewer, colorspace, digest, doParallel, foreach,
    ggplot2, gridBase, pkgmaker, registry, reshape2, rngtools, stringr

Package: OIsurv
Source: CRAN
Version: 0.2
Hash: 6358b56e4f1e39feec2aaeea2ab4b109
Requires: KMsurv

Package: R6
Source: CRAN
Version: 2.1.2
Hash: c515e41c73294952cbb33ee1c1be5a2d

Package: RColorBrewer
Source: CRAN
Version: 1.1-2
Hash: c0d56cd15034f395874c870141870c25

Package: Rcpp
Source: CRAN
Version: 0.12.4
Hash: 115167d29098a4fd1e572fdbef809438

Package: RcppEigen
Source: CRAN
Version: 0.3.2.8.1
Hash: d33fa8124f9c3a22f39677f43d8b89a5
Requires: Rcpp

Package: SparseM
Source: CRAN
Version: 1.7
Hash: 98aaf6c87c9a70c4982e437c02698e76

Package: TTR
Source: CRAN
Version: 0.23-1
Hash: 4d137b2fd11667a413d92e31f106e839
Requires: xts, zoo

Package: UpSetR
Source: CRAN
Version: 1.1.1
Hash: f83c1286c7dfe8664ea325981170c125
Requires: ggplot2, gridExtra, plyr

Package: XML
Source: CRAN
Version: 3.98-1.4
Hash: 9f8bc34c3c3d2967c7d25f8945216ffa

Package: assertthat
Source: CRAN
Version: 0.1
Hash: 0afb92b59b02593c70ff8046700ba9d3

Package: base64enc
Source: CRAN
Version: 0.1-3
Hash: c590d29e555926af053055e23ee79efb

Package: bitops
Source: CRAN
Version: 1.0-6
Hash: 67d0775189fd0041d95abca618c5c07e

Package: brew
Source: CRAN
Version: 1.0-6
Hash: 931f9972deae0f205e1c78a51f33149b

Package: broom
Source: CRAN
Version: 0.4.0
Hash: f234c9ab823ee862f4ed6188b8f4eef4
Requires: dplyr, plyr, psych, reshape2, stringr, tidyr

Package: caTools
Source: CRAN
Version: 1.17.1
Hash: 97cb6f6293cd18d17df77a6383cc6763
Requires: bitops

Package: car
Source: CRAN
Version: 2.1-2
Hash: a3a1be19eec9f289555ff01b43be707a
Requires: pbkrtest, quantreg

Package: chron
Source: CRAN
Version: 2.3-47
Hash: d25d96d908cd21080f24c89eed4c80a0

Package: colorspace
Source: CRAN
Version: 1.2-6
Hash: 00bb12245cd975c450cc4a960884fa15

Package: crayon
Source: CRAN
Version: 1.3.1
Hash: b61d34886cf0f4b4fc4e4f52ea249390
Requires: memoise

Package: curl
Source: CRAN
Version: 0.9.7
Hash: 8a3eaed84ed6a9a188efdeddb231c5de

Package: d3heatmap
Source: CRAN
Version: 0.6.1.1
Hash: 7447e0ce63f688d48d6c160f7ba6b398
Requires: base64enc, dendextend, htmlwidgets, png, scales

Package: data.table
Source: CRAN
Version: 1.9.6
Hash: f92ef1f73afa43bf6fd69a22f3794abd
Requires: chron

Package: dendextend
Source: CRAN
Version: 1.1.8
Hash: 23add9f8b14b07e316563efff793b9ff
Requires: magrittr, whisker

Package: devtools
Source: CRAN
Version: 1.11.1
Hash: 4c6aa014d917044bf376a363c3c8ee1a
Requires: digest, git2r, httr, jsonlite, memoise, rstudioapi, whisker,
    withr

Package: dichromat
Source: CRAN
Version: 2.0-0
Hash: 08eed0c80510af29bb15f840ccfe37ce

Package: digest
Source: CRAN
Version: 0.6.9
Hash: fd55d5a024f160fc001a5ece1e27782d

Package: doParallel
Source: CRAN
Version: 1.0.10
Hash: df91a7abfa938c06ad87b9a2b9269adb
Requires: foreach, iterators

Package: dplyr
Source: CRAN
Version: 0.4.3
Hash: 35bc70760e4bbd3f4bc05fac3bbde3c3
Requires: BH, DBI, R6, Rcpp, assertthat, lazyeval, magrittr

Package: eha
Source: CRAN
Version: 2.4-3
Hash: d280fb46dddbf6383992f36933315302

Package: ellipse
Source: CRAN
Version: 0.3-8
Hash: d46612e1f7e4f0794776420303f3db63

Package: evaluate
Source: CRAN
Version: 0.8
Hash: aac00bd789bac10970b50e3b7e0cab04
Requires: stringr

Package: fastmatch
Source: CRAN
Version: 1.0-4
Hash: 8da210a6fb5b84bafbc2fbc36b58f31c

Package: flashClust
Source: CRAN
Version: 1.01-2
Hash: 023ac07c165d659e6535c689864ef205

Package: foreach
Source: CRAN
Version: 1.4.3
Hash: cd53ef4cf29dc59ce3f8c5c1af735fd1
Requires: iterators

Package: formatR
Source: CRAN
Version: 1.2.1
Hash: 54c730c712edd6087972ecf99bf87c55

Package: gdata
Source: CRAN
Version: 2.17.0
Hash: e7d520c2a9597b303f54499e3bd90644
Requires: gtools

Package: ggbiplot
Source: github
Version: 0.55
Hash: 5bebbf96df3e900f54d0579b59527fc8
Requires: ggplot2, plyr, scales
GithubRepo: ggbiplot
GithubUsername: vqv
GithubRef: master
GithubSha1: 7325e880485bea4c07465a0304c470608fffb5d9

Package: ggplot2
Source: CRAN
Version: 2.1.0
Hash: 50e297b0191179c39c7dcae0eff72b51
Requires: digest, gtable, plyr, reshape2, scales

Package: git2r
Source: CRAN
Version: 0.14.0
Hash: 38b74f188c339da499441cb1812b89b9

Package: gplots
Source: CRAN
Version: 3.0.1
Hash: b7abe122479c203aa236499b7fc4b816
Requires: caTools, gdata, gtools

Package: gridBase
Source: CRAN
Version: 0.4-7
Hash: d4b7f73c0fdf11d18d1e1ae1643ac4ec

Package: gridExtra
Source: CRAN
Version: 2.2.1
Hash: 8f54b57d4b0598ed5b27e0eafe86a670
Requires: gtable

Package: gtable
Source: CRAN
Version: 0.2.0
Hash: cd78381a9d3fea966ac39bd0daaf5554

Package: gtools
Source: CRAN
Version: 3.5.0
Hash: 471b2e2452dfb30fdc1dd6f1b567925a

Package: highcharter
Source: CRAN
Version: 0.3.0
Hash: a14022dbc1c7035a9cc2baacf89368be
Requires: assertthat, dplyr, htmltools, htmlwidgets, igraph, jsonlite,
    magrittr, purrr, quantmod, rlist, stringr, tidyr, viridisLite, xts,
    zoo

Package: highr
Source: CRAN
Version: 0.5.1
Hash: 114ef5abcf58bebbf6ac083b9cacbbd8

Package: htmltools
Source: CRAN
Version: 0.3.5
Hash: 56b2a44852ab64c3dd8ef05f725b0079
Requires: Rcpp, digest

Package: htmlwidgets
Source: CRAN
Version: 0.6
Hash: 267a36d738dd98cec3dc9c471becb717
Requires: htmltools, jsonlite, yaml

Package: httpuv
Source: CRAN
Version: 1.3.3
Hash: 9c0fcc725400dab7f86c247bf3fc9d0f
Requires: Rcpp

Package: httr
Source: CRAN
Version: 1.1.0
Hash: 27ffb4b4dbb8ac4019126070d66910fc
Requires: R6, curl, jsonlite, mime, openssl

Package: igraph
Source: CRAN
Version: 1.0.1
Hash: 26ac36402e881905359daabfd9ba4057
Requires: NMF, irlba, magrittr

Package: irlba
Source: CRAN
Version: 2.0.0
Hash: 53647cf593a0f5e5ae4f713d125499d1

Package: iterators
Source: CRAN
Version: 1.0.8
Hash: 488b93c2a4166db0d15f1e8d882cb1d4

Package: jsonlite
Source: CRAN
Version: 0.9.19
Hash: 4a983f753b6e88ae0f5a6ac152d8cc32

Package: knitr
Source: CRAN
Version: 1.12.3
Hash: d537760d13021cf23fa2446381d9e0b2
Requires: digest, evaluate, formatR, highr, markdown, stringr, yaml

Package: labeling
Source: CRAN
Version: 0.3
Hash: ecf589b42cd284b03a4beb9665482d3e

Package: lazyeval
Source: CRAN
Version: 0.1.10
Hash: 9679f1ac7f6bc07bc79755f34cd15e1f

Package: leaps
Source: CRAN
Version: 2.9
Hash: 2ab19233cc1bf67246f1b0f7d415eeb9

Package: lme4
Source: CRAN
Version: 1.1-11
Hash: 4bb2e96025459cafce6fff9fab0c3189
Requires: Rcpp, RcppEigen, minqa, nloptr

Package: magrittr
Source: CRAN
Version: 1.5
Hash: bdc4d48c3135e8f3b399536ddf160df4

Package: markdown
Source: CRAN
Version: 0.7.7
Hash: fea2343a1119d61b0cc5c0a950d103a3
Requires: mime

Package: memoise
Source: CRAN
Version: 1.0.0
Hash: 56e7087c3559eb7ba72a9afb349bf896
Requires: digest

Package: mice
Source: CRAN
Version: 2.25
Hash: d5e1b39f4e230a5b35ed29b459110c5b
Requires: Rcpp

Package: microbenchmark
Source: CRAN
Version: 1.4-2.1
Hash: 848513312615c5865b44037f84759690
Requires: ggplot2

Package: mime
Source: CRAN
Version: 0.4
Hash: b08c52dae92a0a11e64a4deea032ec33

Package: miniUI
Source: CRAN
Version: 0.1.1
Hash: e85626581f80b1fe6c92a96ec348efc5
Requires: htmltools, shiny

Package: minqa
Source: CRAN
Version: 1.2.4
Hash: 21b10ee94f5a08396365f087d107e0e6
Requires: Rcpp

Package: miscTools
Source: CRAN
Version: 0.6-16
Hash: 8db52229ed86f0d790c0805b0184be74

Package: missMDA
Source: CRAN
Version: 1.10
Hash: 51ca88b6d140cecf8749bd09a25f6b58
Requires: FactoMineR, mice, mvtnorm

Package: mnormt
Source: CRAN
Version: 1.5-4
Hash: d9793228e6242e0f025123fc19587990

Package: munsell
Source: CRAN
Version: 0.4.3
Hash: f96d896947fcaf9b6d0074002e9f4f9d
Requires: colorspace

Package: mvtnorm
Source: CRAN
Version: 1.0-5
Hash: 55a3581188e15f13f5ba19c18e151ac2

Package: nloptr
Source: CRAN
Version: 1.0.4
Hash: 8053df240a4635aeb54fc68c6de67709

Package: openssl
Source: CRAN
Version: 0.9.1
Hash: 8a4d4c380ac9a71b8a387bb8e586270b

Package: packrat
Source: CRAN
Version: 0.4.7-1
Hash: 16ca16d36eb18d1d16113606ecc5c400

Package: pbkrtest
Source: CRAN
Version: 0.4-6
Hash: 8117c37e2e3078e3c6465134bac6956e
Requires: lme4

Package: pkgmaker
Source: CRAN
Version: 0.22
Hash: 2e5fc2a6b7eaeb1e1d397a8dc5f54480
Requires: digest, registry, stringr, xtable

Package: plyr
Source: CRAN
Version: 1.8.3
Hash: 2df5437483a9a53a2deb2afb73258847
Requires: Rcpp

Package: png
Source: CRAN
Version: 0.1-7
Hash: 421d7d6e0fb4bd885ecbd909b6456b8b

Package: praise
Source: CRAN
Version: 1.0.0
Hash: 77da8f1df873a4b91e5c4a68fe2fb1b6

Package: profvis
Source: github
Version: 0.1.7
Hash: 29b8be566f67480d7c97aeaa9174c833
Requires: htmlwidgets, stringr
GithubRepo: profvis
GithubUsername: rstudio
GithubRef: master
GithubSha1: 462de5ba128c8cdbf50a67b3501619edf6931313

Package: psych
Source: CRAN
Version: 1.5.8
Hash: 68c4e1212b52e8bf12ef1bfa1e950409
Requires: mnormt

Package: purrr
Source: CRAN
Version: 0.2.1
Hash: 7b5f27613432da903992bd0ce91f5ea9
Requires: BH, Rcpp, dplyr, lazyeval, magrittr

Package: quantmod
Source: CRAN
Version: 0.4-5
Hash: 1c585e9754a71da8751a49573689f1b8
Requires: TTR, xts, zoo

Package: quantreg
Source: CRAN
Version: 5.21
Hash: 38c5ff66011d761c2367b18aa456cba6
Requires: MatrixModels, SparseM

Package: rbenchmark
Source: CRAN
Version: 1.0.0
Hash: 47b30ba84d5c1c8939b3882541c5885b

Package: registry
Source: CRAN
Version: 0.3
Hash: f9447c26b51b8c96f53720c5ff862c93

Package: reshape2
Source: CRAN
Version: 1.4.1
Hash: bda269da8b147b0beea2c0e16bdce20d
Requires: Rcpp, plyr, stringr

Package: rlist
Source: CRAN
Version: 0.4.6
Hash: aa6075f5731910d4c56c57abb34793e6
Requires: XML, data.table, jsonlite, yaml

Package: rmarkdown
Source: CRAN
Version: 0.9.5
Hash: c47e8fb40e81162783fe1335a13a0ca3
Requires: caTools, htmltools, knitr, yaml

Package: rngtools
Source: CRAN
Version: 1.2.4
Hash: 4db0661fe95ab6eb3d6339495bf22003
Requires: digest, pkgmaker, stringr

Package: roxygen2
Source: CRAN
Version: 5.0.1
Hash: 0d13c15c5cd65dd83b58d190b54178ba
Requires: Rcpp, brew, digest, stringi, stringr

Package: rstudioapi
Source: CRAN
Version: 0.5
Hash: f942db72a8f51e968b061f28058e2c57

Package: scales
Source: CRAN
Version: 0.4.0
Hash: 53844c573fd30a70f592fa45ec1e33a1
Requires: RColorBrewer, Rcpp, dichromat, labeling, munsell, plyr

Package: scatterplot3d
Source: CRAN
Version: 0.3-36
Hash: 87b4540e91a121dd106902567e1a39b1

Package: shiny
Source: CRAN
Version: 0.13.2
Hash: 28d6903a44dc53bd4823fa43ccdc08e5
Requires: R6, digest, htmltools, httpuv, jsonlite, mime, xtable

Package: shinyBS
Source: CRAN
Version: 0.61
Hash: 4644935bd93e62a0b82686b26af7efc2
Requires: htmltools, shiny

Package: shinyjs
Source: CRAN
Version: 0.5.2
Hash: 29de7294464559801762db81f05bfb33
Requires: digest, htmltools, miniUI, shiny

Package: statmod
Source: CRAN
Version: 1.4.24
Hash: 1aad9bf175b7d9a5c073f633dc635c31

Package: stringi
Source: CRAN
Version: 1.0-1
Hash: cf342bc407bd5daec77ed1009d5244e1

Package: stringr
Source: CRAN
Version: 1.0.0
Hash: 2676dd5f88890910962b733b0f9540e1
Requires: magrittr, stringi

Package: survsim
Source: CRAN
Version: 1.1.4
Hash: cf4b57b4ea788bf33e19a704bbff854e
Requires: eha, statmod

Package: testthat
Source: CRAN
Version: 1.0.2
Hash: 88d5291104227f9dc2e7c7c1d0eb6c74
Requires: R6, crayon, digest, magrittr, praise

Package: tidyr
Source: CRAN
Version: 0.4.1
Hash: f04fea3f45f0fd8246e22d3c38f0e98f
Requires: Rcpp, dplyr, lazyeval, magrittr, stringi

Package: viridisLite
Source: CRAN
Version: 0.1.3
Hash: d16a33135b1f4c8818b8cd569da3913f

Package: whisker
Source: CRAN
Version: 0.3-2
Hash: 803d662762e532705c2c066a82d066e7

Package: withr
Source: CRAN
Version: 1.0.1
Hash: e3d37838719e5d66652364e2aefebcee

Package: xtable
Source: CRAN
Version: 1.8-2
Hash: 7293235cfcc14cdff1ce7fd1a0212031

Package: xts
Source: CRAN
Version: 0.9-7
Hash: fb3f81d7a2fa2323879b6b49722ddc5e
Requires: zoo

Package: yaml
Source: CRAN
Version: 2.1.13
Hash: 4854ccabebc225e8a7309fb4a74980de

Package: zoo
Source: CRAN
Version: 1.7-12
Hash: 8ce4a89536cba4fa6023190959de5658
