PackratFormat: 1.4
PackratVersion: 0.4.6.1
RVersion: 3.2.2
Repos: BioCsoft=http://bioconductor.org/packages/3.1/bioc,
    BioCann=http://bioconductor.org/packages/3.1/data/annotation,
    BioCexp=http://bioconductor.org/packages/3.1/data/experiment,
    BioCextra=http://bioconductor.org/packages/3.1/extra,
    CRAN=https://cran.rstudio.com/

Package: BH
Source: CRAN
Version: 1.58.0-1
Hash: 4f6db3b5311bb006f536a2e67278d058

Package: BiocGenerics
Source: Bioconductor
Version: 0.16.1
Hash: c66deb506ef217896ce7d2ee347c95ff

Package: DBI
Source: CRAN
Version: 0.3.1
Hash: 096699d1ac1cf530acfc646a0c90ee5d

Package: GenomeInfoDb
Source: CRAN
Version: 1.6.1
Requires: BiocGenerics, IRanges, S4Vectors

Package: GenomicRanges
Source: Bioconductor
Version: 1.22.2
Hash: 0f8ddbee9c92d1e9850347e96099d097
Requires: BiocGenerics, GenomeInfoDb, IRanges, S4Vectors, XVector

Package: IRanges
Source: Bioconductor
Version: 2.4.6
Hash: 88444693c067f14702f1234c00d0960d
Requires: BiocGenerics, S4Vectors

Package: R6
Source: CRAN
Version: 2.1.1
Hash: 20a88b2c9c84aecff2702789a4d102f5

Package: RColorBrewer
Source: CRAN
Version: 1.1-2
Hash: c0d56cd15034f395874c870141870c25

Package: Rcpp
Source: CRAN
Version: 0.12.2
Hash: 1928c2b7372e3f033217335f3fad25a3

Package: S4Vectors
Source: Bioconductor
Version: 0.8.5
Hash: 2219da44f6292b716079333ccace2d93
Requires: BiocGenerics

Package: XVector
Source: Bioconductor
Version: 0.10.0
Hash: 5aae86776000f3ce8b3cad1a801f1e5f
Requires: BiocGenerics, IRanges, S4Vectors, zlibbioc

Package: assertthat
Source: CRAN
Version: 0.1
Hash: 0afb92b59b02593c70ff8046700ba9d3

Package: bitops
Source: CRAN
Version: 1.0-6
Hash: 67d0775189fd0041d95abca618c5c07e

Package: brew
Source: CRAN
Version: 1.0-6
Hash: 931f9972deae0f205e1c78a51f33149b

Package: caTools
Source: CRAN
Version: 1.17.1
Hash: 97cb6f6293cd18d17df77a6383cc6763
Requires: bitops

Package: chron
Source: CRAN
Version: 2.3-47
Hash: d25d96d908cd21080f24c89eed4c80a0

Package: colorspace
Source: CRAN
Version: 1.2-6
Hash: 00bb12245cd975c450cc4a960884fa15

Package: crayon
Source: CRAN
Version: 1.3.1
Hash: b61d34886cf0f4b4fc4e4f52ea249390
Requires: memoise

Package: curl
Source: CRAN
Version: 0.9.4
Hash: f0845d30266233da7d910ac687a5174b

Package: data.table
Source: CRAN
Version: 1.9.6
Hash: f92ef1f73afa43bf6fd69a22f3794abd
Requires: chron

Package: devtools
Source: CRAN
Version: 1.9.1
Hash: 894e4e2f04fb749f786f15cf01181a0c
Requires: curl, digest, evaluate, git2r, httr, jsonlite, memoise,
    roxygen2, rstudioapi, rversions, whisker

Package: dichromat
Source: CRAN
Version: 2.0-0
Hash: 08eed0c80510af29bb15f840ccfe37ce

Package: digest
Source: CRAN
Version: 0.6.8
Hash: de202f956596a476d09304e3a2ebf1e5

Package: dplyr
Source: CRAN
Version: 0.4.3
Hash: 6747c41888a187a26ac4b03789b52a06
Requires: BH, DBI, R6, Rcpp, assertthat, lazyeval, magrittr

Package: evaluate
Source: CRAN
Version: 0.8
Hash: aac00bd789bac10970b50e3b7e0cab04
Requires: stringr

Package: fastmatch
Source: CRAN
Version: 1.0-4
Hash: 8da210a6fb5b84bafbc2fbc36b58f31c

Package: formatR
Source: CRAN
Version: 1.2.1
Hash: 54c730c712edd6087972ecf99bf87c55

Package: ggplot2
Source: CRAN
Version: 2.0.0
Hash: 5befb1e7a9c7d0692d6c35fa02a29dbf
Requires: digest, gtable, plyr, reshape2, scales

Package: git2r
Source: CRAN
Version: 0.13.1
Hash: 10b695e315f922046c7d56b9dc7150db

Package: gtable
Source: CRAN
Version: 0.1.2
Hash: 38a0f066373a60824cd3ade2362af363

Package: highr
Source: CRAN
Version: 0.5.1
Hash: 114ef5abcf58bebbf6ac083b9cacbbd8

Package: htmltools
Source: CRAN
Version: 0.2.6
Hash: 595e7dea94f5f049dfc1ed739f5161af
Requires: digest

Package: htmlwidgets
Source: CRAN
Version: 0.5
Hash: 0aa33e8666baac6fcff4e376789b9c2e
Requires: htmltools, jsonlite, yaml

Package: httr
Source: CRAN
Version: 1.0.0
Hash: 165c156aaf69073f9a1f8a4211c626d9
Requires: R6, curl, digest, jsonlite, mime, stringr

Package: jsonlite
Source: CRAN
Version: 0.9.19
Hash: 4a983f753b6e88ae0f5a6ac152d8cc32

Package: knitr
Source: CRAN
Version: 1.11
Hash: 0a6d1006425040af05e29504af948535
Requires: digest, evaluate, formatR, highr, markdown, stringr, yaml

Package: labeling
Source: CRAN
Version: 0.3
Hash: ecf589b42cd284b03a4beb9665482d3e

Package: lazyeval
Source: CRAN
Version: 0.1.10
Hash: 9679f1ac7f6bc07bc79755f34cd15e1f

Package: magrittr
Source: CRAN
Version: 1.5
Hash: bdc4d48c3135e8f3b399536ddf160df4

Package: markdown
Source: CRAN
Version: 0.7.7
Hash: fea2343a1119d61b0cc5c0a950d103a3
Requires: mime

Package: memoise
Source: CRAN
Version: 0.2.1
Hash: 812e6a1dd77a0ca4da41f3239de8e447
Requires: digest

Package: microbenchmark
Source: CRAN
Version: 1.4-2.1
Hash: 848513312615c5865b44037f84759690
Requires: ggplot2

Package: mime
Source: CRAN
Version: 0.4
Hash: b08c52dae92a0a11e64a4deea032ec33

Package: munsell
Source: CRAN
Version: 0.4.2
Hash: 72d343a6664778029f49a7ad36de1cab
Requires: colorspace

Package: packrat
Source: CRAN
Version: 0.4.6-1
Hash: 29eacc43b096c5b1a82c8d54a49b030b

Package: plyr
Source: CRAN
Version: 1.8.3
Hash: 5cf4672c5940e265f2602d5d806d303d
Requires: Rcpp

Package: praise
Source: CRAN
Version: 1.0.0
Hash: 77da8f1df873a4b91e5c4a68fe2fb1b6

Package: profvis
Source: github
Version: 0.1.0.9001
Hash: 17980ed071261816740cc90e1bf36f24
Requires: htmlwidgets, stringr
GithubRepo: profvis
GithubUsername: rstudio
GithubRef: master
GithubSha1: 32a2054d97a5fb34c58e5dd36c26775f030fc317

Package: pryr
Source: CRAN
Version: 0.1.2
Hash: 84994eaa72ba0b6a38dec7de537e0261
Requires: Rcpp, stringr

Package: readr
Source: CRAN
Version: 0.2.2
Hash: ed0526ef3dcac77b915e645ed3787b49
Requires: BH, Rcpp, curl

Package: reshape2
Source: CRAN
Version: 1.4.1
Hash: 193899598711fc9776f383bbdf266118
Requires: Rcpp, plyr, stringr

Package: rmarkdown
Source: CRAN
Version: 0.9
Hash: c361ab633eea7516f45d1946cd78bc8f
Requires: caTools, htmltools, knitr, yaml

Package: roxygen2
Source: CRAN
Version: 5.0.1
Hash: 764de5dbf10bcd671fde95798bf96112
Requires: Rcpp, brew, digest, stringi, stringr

Package: rstudioapi
Source: CRAN
Version: 0.4.0
Hash: 1daee7a586b46f99ab9114668aa05cc7

Package: rversions
Source: CRAN
Version: 1.0.2
Hash: c006a9eaa80a091dcd87bb4003887b12
Requires: curl, xml2

Package: scales
Source: CRAN
Version: 0.3.0
Hash: 323f8f5a7f2823f19bd3fd3c15fc196a
Requires: RColorBrewer, Rcpp, dichromat, labeling, munsell, plyr

Package: stringi
Source: CRAN
Version: 1.0-1
Hash: cf342bc407bd5daec77ed1009d5244e1

Package: stringr
Source: CRAN
Version: 1.0.0
Hash: 2676dd5f88890910962b733b0f9540e1
Requires: magrittr, stringi

Package: testthat
Source: CRAN
Version: 0.11.0
Hash: e10882241e569f584fb1f8c19599a13f
Requires: crayon, digest, praise

Package: whisker
Source: CRAN
Version: 0.3-2
Hash: 803d662762e532705c2c066a82d066e7

Package: xml2
Source: CRAN
Version: 0.1.2
Hash: d3a4a61753f1ebf32548bdd9ab709c4b
Requires: BH, Rcpp

Package: yaml
Source: CRAN
Version: 2.1.13
Hash: 4854ccabebc225e8a7309fb4a74980de

Package: zlibbioc
Source: Bioconductor
Version: 1.16.0
Hash: a62f7415c8f5f7330ef25f3490b75b6b
